Microsoft Visual Studio Solution File, Format Version 12.00
# Visual Studio Version 17
VisualStudioVersion = 17.13.35818.85
MinimumVisualStudioVersion = 10.0.40219.1
Project("{FAE04EC0-301F-11D3-BF4B-00C04F79EFBC}") = "tpModul8_103022300110", "tpModul8_103022300110\tpModul8_103022300110.csproj", "{8442EBC8-E725-48CE-B9B8-C11F54A03DD5}"
EndProject
Global
	GlobalSection(SolutionConfigurationPlatforms) = preSolution
		Debug|Any CPU = Debug|Any CPU
		Release|Any CPU = Release|Any CPU
	EndGlobalSection
	GlobalSection(ProjectConfigurationPlatforms) = postSolution
		{8442EBC8-E725-48CE-B9B8-C11F54A03DD5}.Debug|Any CPU.ActiveCfg = Debug|Any CPU
		{8442EBC8-E725-48CE-B9B8-C11F54A03DD5}.Debug|Any CPU.Build.0 = Debug|Any CPU
		{8442EBC8-E725-48CE-B9B8-C11F54A03DD5}.Release|Any CPU.ActiveCfg = Release|Any CPU
		{8442EBC8-E725-48CE-B9B8-C11F54A03DD5}.Release|Any CPU.Build.0 = Release|Any CPU
	EndGlobalSection
	GlobalSection(SolutionProperties) = preSolution
		HideSolutionNode = FALSE
	EndGlobalSection
	GlobalSection(ExtensibilityGlobals) = postSolution
		SolutionGuid = {3FAF2D0D-37CF-47A5-A357-6B073CD4549E}
	EndGlobalSection
EndGlobal
